
Microsoft Visual Studio Solution File, Format Version 12.00
# Visual Studio Version 17
VisualStudioVersion = 17.0.31903.59
MinimumVisualStudioVersion = 10.0.40219.1
Project("{FAE04EC0-301F-11D3-BF4B-00C04F79EFBC}") = "MissingNumber", "MissingNumber\MissingNumber.csproj", "{18D42BC4-CE08-4651-B3A6-97DF4D85FECB}"
EndProject
Project("{FAE04EC0-301F-11D3-BF4B-00C04F79EFBC}") = "MissingNumberTest", "MissingNumberTest\MissingNumberTest.csproj", "{D62577D0-7979-48F5-B4E1-1967075604E4}"
EndProject
Global
	GlobalSection(SolutionConfigurationPlatforms) = preSolution
		Debug|Any CPU = Debug|Any CPU
		Release|Any CPU = Release|Any CPU
	EndGlobalSection
	GlobalSection(SolutionProperties) = preSolution
		HideSolutionNode = FALSE
	EndGlobalSection
	GlobalSection(ProjectConfigurationPlatforms) = postSolution
		{18D42BC4-CE08-4651-B3A6-97DF4D85FECB}.Debug|Any CPU.ActiveCfg = Debug|Any CPU
		{18D42BC4-CE08-4651-B3A6-97DF4D85FECB}.Debug|Any CPU.Build.0 = Debug|Any CPU
		{18D42BC4-CE08-4651-B3A6-97DF4D85FECB}.Release|Any CPU.ActiveCfg = Release|Any CPU
		{18D42BC4-CE08-4651-B3A6-97DF4D85FECB}.Release|Any CPU.Build.0 = Release|Any CPU
		{D62577D0-7979-48F5-B4E1-1967075604E4}.Debug|Any CPU.ActiveCfg = Debug|Any CPU
		{D62577D0-7979-48F5-B4E1-1967075604E4}.Debug|Any CPU.Build.0 = Debug|Any CPU
		{D62577D0-7979-48F5-B4E1-1967075604E4}.Release|Any CPU.ActiveCfg = Release|Any CPU
		{D62577D0-7979-48F5-B4E1-1967075604E4}.Release|Any CPU.Build.0 = Release|Any CPU
	EndGlobalSection
EndGlobal
